
Microsoft Visual Studio Solution File, Format Version 11.00
# Visual Studio 2010
Project("{FAE04EC0-301F-11D3-BF4B-00C04F79EFBC}") = "Package_WebApp", "Package_WebApp\Package_WebApp.csproj", "{1735E792-0DEE-49AD-8A84-CC2381D2A8BB}"
EndProject
Global
	GlobalSection(SolutionConfigurationPlatforms) = preSolution
		Debug|Any CPU = Debug|Any CPU
		Release|Any CPU = Release|Any CPU
	EndGlobalSection
	GlobalSection(ProjectConfigurationPlatforms) = postSolution
		{1735E792-0DEE-49AD-8A84-CC2381D2A8BB}.Debug|Any CPU.ActiveCfg = Debug|Any CPU
		{1735E792-0DEE-49AD-8A84-CC2381D2A8BB}.Debug|Any CPU.Build.0 = Debug|Any CPU
		{1735E792-0DEE-49AD-8A84-CC2381D2A8BB}.Release|Any CPU.ActiveCfg = Release|Any CPU
		{1735E792-0DEE-49AD-8A84-CC2381D2A8BB}.Release|Any CPU.Build.0 = Release|Any CPU
	EndGlobalSection
	GlobalSection(SolutionProperties) = preSolution
		HideSolutionNode = FALSE
	EndGlobalSection
EndGlobal
